
Microsoft Visual Studio Solution File, Format Version 12.00
# Visual Studio Version 17
VisualStudioVersion = 17.6.33815.320
MinimumVisualStudioVersion = 10.0.40219.1
Project("{FAE04EC0-301F-11D3-BF4B-00C04F79EFBC}") = "DateHelperLibrary", "DateHelperLibrary\DateHelperLibrary.csproj", "{6449DAAF-5538-4A48-A4D0-835EE5F10599}"
EndProject
Global
	GlobalSection(SolutionConfigurationPlatforms) = preSolution
		Debug|Any CPU = Debug|Any CPU
		Release|Any CPU = Release|Any CPU
	EndGlobalSection
	GlobalSection(ProjectConfigurationPlatforms) = postSolution
		{6449DAAF-5538-4A48-A4D0-835EE5F10599}.Debug|Any CPU.ActiveCfg = Debug|Any CPU
		{6449DAAF-5538-4A48-A4D0-835EE5F10599}.Debug|Any CPU.Build.0 = Debug|Any CPU
		{6449DAAF-5538-4A48-A4D0-835EE5F10599}.Release|Any CPU.ActiveCfg = Release|Any CPU
		{6449DAAF-5538-4A48-A4D0-835EE5F10599}.Release|Any CPU.Build.0 = Release|Any CPU
	EndGlobalSection
	GlobalSection(SolutionProperties) = preSolution
		HideSolutionNode = FALSE
	EndGlobalSection
	GlobalSection(ExtensibilityGlobals) = postSolution
		SolutionGuid = {51A8B8FC-109A-4B5A-9B0B-7821C9CF4ABB}
	EndGlobalSection
EndGlobal
